
Microsoft Visual Studio Solution File, Format Version 12.00
# Visual Studio Version 17
VisualStudioVersion = 17.7.34031.279
MinimumVisualStudioVersion = 10.0.40219.1
Project("{FAE04EC0-301F-11D3-BF4B-00C04F79EFBC}") = "OOP-Lab5", "OOP-Lab5.csproj", "{44F180DF-CD5F-4F2F-8E74-6094B5804F4E}"
EndProject
Global
	GlobalSection(SolutionConfigurationPlatforms) = preSolution
		Debug|Any CPU = Debug|Any CPU
		Release|Any CPU = Release|Any CPU
	EndGlobalSection
	GlobalSection(ProjectConfigurationPlatforms) = postSolution
		{44F180DF-CD5F-4F2F-8E74-6094B5804F4E}.Debug|Any CPU.ActiveCfg = Debug|Any CPU
		{44F180DF-CD5F-4F2F-8E74-6094B5804F4E}.Debug|Any CPU.Build.0 = Debug|Any CPU
		{44F180DF-CD5F-4F2F-8E74-6094B5804F4E}.Release|Any CPU.ActiveCfg = Release|Any CPU
		{44F180DF-CD5F-4F2F-8E74-6094B5804F4E}.Release|Any CPU.Build.0 = Release|Any CPU
	EndGlobalSection
	GlobalSection(SolutionProperties) = preSolution
		HideSolutionNode = FALSE
	EndGlobalSection
	GlobalSection(ExtensibilityGlobals) = postSolution
		SolutionGuid = {59A95BC1-B2A8-4D7E-8483-FAA5A44D8520}
	EndGlobalSection
EndGlobal
